
Microsoft Visual Studio Solution File, Format Version 12.00
# Visual Studio 15
VisualStudioVersion = 15.0.27428.2015
MinimumVisualStudioVersion = 10.0.40219.1
Project("{FAE04EC0-301F-11D3-BF4B-00C04F79EFBC}") = "Dohmoku", "Dohmoku\Dohmoku.csproj", "{696D9EC3-7FF8-4917-B22C-B77725ECA41F}"
EndProject
Global
	GlobalSection(SolutionConfigurationPlatforms) = preSolution
		Debug|Any CPU = Debug|Any CPU
		Release|Any CPU = Release|Any CPU
	EndGlobalSection
	GlobalSection(ProjectConfigurationPlatforms) = postSolution
		{696D9EC3-7FF8-4917-B22C-B77725ECA41F}.Debug|Any CPU.ActiveCfg = Debug|Any CPU
		{696D9EC3-7FF8-4917-B22C-B77725ECA41F}.Debug|Any CPU.Build.0 = Debug|Any CPU
		{696D9EC3-7FF8-4917-B22C-B77725ECA41F}.Release|Any CPU.ActiveCfg = Release|Any CPU
		{696D9EC3-7FF8-4917-B22C-B77725ECA41F}.Release|Any CPU.Build.0 = Release|Any CPU
	EndGlobalSection
	GlobalSection(SolutionProperties) = preSolution
		HideSolutionNode = FALSE
	EndGlobalSection
	GlobalSection(ExtensibilityGlobals) = postSolution
		SolutionGuid = {7782696D-D52F-4280-BABE-D2E228530AD7}
	EndGlobalSection
EndGlobal
